
Microsoft Visual Studio Solution File, Format Version 12.00
# Visual Studio Version 16
VisualStudioVersion = 16.0.31911.196
MinimumVisualStudioVersion = 10.0.40219.1
Project("{FAE04EC0-301F-11D3-BF4B-00C04F79EFBC}") = "E-shop", "E-shop\E-shop.csproj", "{06F2A3C9-3036-4DD0-A6FC-B1EC93E60973}"
EndProject
Global
	GlobalSection(SolutionConfigurationPlatforms) = preSolution
		Debug|Any CPU = Debug|Any CPU
		Release|Any CPU = Release|Any CPU
	EndGlobalSection
	GlobalSection(ProjectConfigurationPlatforms) = postSolution
		{06F2A3C9-3036-4DD0-A6FC-B1EC93E60973}.Debug|Any CPU.ActiveCfg = Debug|Any CPU
		{06F2A3C9-3036-4DD0-A6FC-B1EC93E60973}.Debug|Any CPU.Build.0 = Debug|Any CPU
		{06F2A3C9-3036-4DD0-A6FC-B1EC93E60973}.Release|Any CPU.ActiveCfg = Release|Any CPU
		{06F2A3C9-3036-4DD0-A6FC-B1EC93E60973}.Release|Any CPU.Build.0 = Release|Any CPU
	EndGlobalSection
	GlobalSection(SolutionProperties) = preSolution
		HideSolutionNode = FALSE
	EndGlobalSection
	GlobalSection(ExtensibilityGlobals) = postSolution
		SolutionGuid = {C0CCF877-AF39-44C8-B6B0-630A7A640A17}
	EndGlobalSection
EndGlobal
